
Microsoft Visual Studio Solution File, Format Version 12.00
# Visual Studio Version 17
VisualStudioVersion = 17.4.33122.133
MinimumVisualStudioVersion = 10.0.40219.1
Project("{FAE04EC0-301F-11D3-BF4B-00C04F79EFBC}") = "HomeWork", "HomeWork\HomeWork.csproj", "{5BC8E447-DE16-481F-BACB-ABBC03C48915}"
EndProject
Global
	GlobalSection(SolutionConfigurationPlatforms) = preSolution
		Debug|Any CPU = Debug|Any CPU
		Release|Any CPU = Release|Any CPU
	EndGlobalSection
	GlobalSection(ProjectConfigurationPlatforms) = postSolution
		{5BC8E447-DE16-481F-BACB-ABBC03C48915}.Debug|Any CPU.ActiveCfg = Debug|Any CPU
		{5BC8E447-DE16-481F-BACB-ABBC03C48915}.Debug|Any CPU.Build.0 = Debug|Any CPU
		{5BC8E447-DE16-481F-BACB-ABBC03C48915}.Release|Any CPU.ActiveCfg = Release|Any CPU
		{5BC8E447-DE16-481F-BACB-ABBC03C48915}.Release|Any CPU.Build.0 = Release|Any CPU
	EndGlobalSection
	GlobalSection(SolutionProperties) = preSolution
		HideSolutionNode = FALSE
	EndGlobalSection
	GlobalSection(ExtensibilityGlobals) = postSolution
		SolutionGuid = {7C5569BB-9748-4D3C-8237-54D03FB4082C}
	EndGlobalSection
EndGlobal
